{
  "object": {
    "pins": [
      {
        "package": "Antlr4",
        "repositoryURL": "https://bitbucket.org/cs-luiz-silva/antlr4-swift.git",
        "state": {
          "branch": null,
          "revision": "8eea2f0f4d76ec093180ea6503e770fbb338f77a",
          "version": "4.0.18"
        }
      },
      {
        "package": "Console",
        "repositoryURL": "https://bitbucket.org/cs-luiz-silva/console.git",
        "state": {
          "branch": null,
          "revision": "bae04df99e56117fea0649b5749a5dd1a71c302b",
          "version": "0.1.0"
        }
      },
      {
        "package": "MiniLexer",
        "repositoryURL": "https://github.com/LuizZak/MiniLexer.git",
        "state": {
          "branch": "swift4.1-experiments",
          "revision": "21587a78ae10c681d00964513315e4a6e9c42bf3",
          "version": null
        }
      },
      {
        "package": "SwiftPM",
        "repositoryURL": "https://github.com/apple/swift-package-manager.git",
        "state": {
          "branch": null,
          "revision": "63a01220e93271dc3bf204b9e13dd1aeb2beefee",
          "version": "0.2.0"
        }
      }
    ]
  },
  "version": 1
}
