{
  "object": {
    "pins": [
      {
        "package": "Antlr4",
        "repositoryURL": "https://github.com/LuizZak/antlr4-swift.git",
        "state": {
          "branch": null,
          "revision": "c8737a781a83c16c1325072611f780c62092c9fb",
          "version": "4.0.24"
        }
      },
      {
        "package": "Console",
        "repositoryURL": "https://github.com/LuizZak/console.git",
        "state": {
          "branch": null,
          "revision": "a3adc9d4fbcc3f2c6add286140e02cfa66100a8e",
          "version": "0.4.3"
        }
      },
      {
        "package": "MiniLexer",
        "repositoryURL": "https://github.com/LuizZak/MiniLexer.git",
        "state": {
          "branch": null,
          "revision": "068f7a65ee3c5bbc7664f45ff7c601f9082f9a71",
          "version": "0.7.2"
        }
      },
      {
        "package": "SwiftPM",
        "repositoryURL": "https://github.com/apple/swift-package-manager.git",
        "state": {
          "branch": null,
          "revision": "235aacc514cb81a6881364b0fedcb3dd083228f3",
          "version": "0.3.0"
        }
      }
    ]
  },
  "version": 1
}
