{
  "object": {
    "pins": [
      {
        "package": "Antlr4",
        "repositoryURL": "https://github.com/LuizZak/antlr4-swift.git",
        "state": {
          "branch": null,
          "revision": "f215d59b6bd54cf044db806f77b55b087f98fe06",
          "version": "4.1.1"
        }
      },
      {
        "package": "Console",
        "repositoryURL": "https://github.com/LuizZak/console.git",
        "state": {
          "branch": null,
          "revision": "33af2c3ed45de242c5262ce9ab5900d23b7971b7",
          "version": "0.8.2"
        }
      },
      {
        "package": "MiniLexer",
        "repositoryURL": "https://github.com/LuizZak/MiniLexer.git",
        "state": {
          "branch": null,
          "revision": "71cc272f4613d1e45e1eacab33fa2f77c6311007",
          "version": "0.10.0"
        }
      },
      {
        "package": "swift-argument-parser",
        "repositoryURL": "https://github.com/apple/swift-argument-parser.git",
        "state": {
          "branch": null,
          "revision": "92646c0cdbaca076c8d3d0207891785b3379cbff",
          "version": "0.3.1"
        }
      },
      {
        "package": "SwiftSyntax",
        "repositoryURL": "https://github.com/apple/swift-syntax.git",
        "state": {
          "branch": null,
          "revision": "75e60475d9d8fd5bbc16a12e0eaa2cb01b0c322e",
          "version": "0.50500.0"
        }
      }
    ]
  },
  "version": 1
}
